
Microsoft Visual Studio Solution File, Format Version 12.00
# Visual Studio Version 17
VisualStudioVersion = 17.8.34330.188
MinimumVisualStudioVersion = 10.0.40219.1
Project("{FAE04EC0-301F-11D3-BF4B-00C04F79EFBC}") = "Web", "Web\Web.csproj", "{0273E5F4-2C5E-4A91-A454-BF111703C3ED}"
EndProject
Project("{FAE04EC0-301F-11D3-BF4B-00C04F79EFBC}") = "TestProject3", "TestProject3\TestProject3.csproj", "{A18C63BA-F235-4C5E-AD9F-6A2103D97CAC}"
EndProject
Project("{FAE04EC0-301F-11D3-BF4B-00C04F79EFBC}") = "API", "API\API.csproj", "{123A972D-D72C-4FC4-A39F-52F0671F91ED}"
EndProject
Global
	GlobalSection(SolutionConfigurationPlatforms) = preSolution
		Debug|Any CPU = Debug|Any CPU
		Release|Any CPU = Release|Any CPU
	EndGlobalSection
	GlobalSection(ProjectConfigurationPlatforms) = postSolution
		{0273E5F4-2C5E-4A91-A454-BF111703C3ED}.Debug|Any CPU.ActiveCfg = Debug|Any CPU
		{0273E5F4-2C5E-4A91-A454-BF111703C3ED}.Debug|Any CPU.Build.0 = Debug|Any CPU
		{0273E5F4-2C5E-4A91-A454-BF111703C3ED}.Release|Any CPU.ActiveCfg = Release|Any CPU
		{0273E5F4-2C5E-4A91-A454-BF111703C3ED}.Release|Any CPU.Build.0 = Release|Any CPU
		{A18C63BA-F235-4C5E-AD9F-6A2103D97CAC}.Debug|Any CPU.ActiveCfg = Debug|Any CPU
		{A18C63BA-F235-4C5E-AD9F-6A2103D97CAC}.Debug|Any CPU.Build.0 = Debug|Any CPU
		{A18C63BA-F235-4C5E-AD9F-6A2103D97CAC}.Release|Any CPU.ActiveCfg = Release|Any CPU
		{A18C63BA-F235-4C5E-AD9F-6A2103D97CAC}.Release|Any CPU.Build.0 = Release|Any CPU
		{123A972D-D72C-4FC4-A39F-52F0671F91ED}.Debug|Any CPU.ActiveCfg = Debug|Any CPU
		{123A972D-D72C-4FC4-A39F-52F0671F91ED}.Debug|Any CPU.Build.0 = Debug|Any CPU
		{123A972D-D72C-4FC4-A39F-52F0671F91ED}.Release|Any CPU.ActiveCfg = Release|Any CPU
		{123A972D-D72C-4FC4-A39F-52F0671F91ED}.Release|Any CPU.Build.0 = Release|Any CPU
	EndGlobalSection
	GlobalSection(SolutionProperties) = preSolution
		HideSolutionNode = FALSE
	EndGlobalSection
	GlobalSection(ExtensibilityGlobals) = postSolution
		SolutionGuid = {5CDECA03-60A4-47DC-88CA-0C96C23D112D}
	EndGlobalSection
EndGlobal
